
Microsoft Visual Studio Solution File, Format Version 12.00
# Visual Studio Version 17
VisualStudioVersion = 17.13.35931.197
MinimumVisualStudioVersion = 10.0.40219.1
Project("{FAE04EC0-301F-11D3-BF4B-00C04F79EFBC}") = "hack_back", "hack_back\hack_back.csproj", "{2A658760-8385-4E2B-BC28-36EE7984B1E8}"
EndProject
Global
	GlobalSection(SolutionConfigurationPlatforms) = preSolution
		Debug|Any CPU = Debug|Any CPU
		Release|Any CPU = Release|Any CPU
	EndGlobalSection
	GlobalSection(ProjectConfigurationPlatforms) = postSolution
		{2A658760-8385-4E2B-BC28-36EE7984B1E8}.Debug|Any CPU.ActiveCfg = Debug|Any CPU
		{2A658760-8385-4E2B-BC28-36EE7984B1E8}.Debug|Any CPU.Build.0 = Debug|Any CPU
		{2A658760-8385-4E2B-BC28-36EE7984B1E8}.Release|Any CPU.ActiveCfg = Release|Any CPU
		{2A658760-8385-4E2B-BC28-36EE7984B1E8}.Release|Any CPU.Build.0 = Release|Any CPU
	EndGlobalSection
	GlobalSection(SolutionProperties) = preSolution
		HideSolutionNode = FALSE
	EndGlobalSection
	GlobalSection(ExtensibilityGlobals) = postSolution
		SolutionGuid = {8DBDC912-A9BA-4F7F-8E62-CAC344BAEE73}
	EndGlobalSection
EndGlobal
